{"is_source_file": false, "format": "", "description": "", "external_files": [], "external_methods": [], "published": [], "classes": [], "methods": [], "calls": [], "search-terms": [], "state": 2, "file_id": 15, "knowledge_revision": 29, "git_revision": "4e7f9630937dbe83146a41a044b721e68a57bfcb", "hash": "9c4ed7ef73e22b872b8055bec08b8979", "format-version": 4, "code-base-name": "default", "filename": "noteease/post_process_status.lock", "revision_history": [{"29": "4e7f9630937dbe83146a41a044b721e68a57bfcb"}]}